
Microsoft Visual Studio Solution File, Format Version 12.00
# Visual Studio Version 16
VisualStudioVersion = 25.0.1706.1
MinimumVisualStudioVersion = 10.0.40219.1
Project("{FAE04EC0-301F-11D3-BF4B-00C04F79EFBC}") = "project02.01", "project02.01\project02.01.csproj", "{A76F37B7-B91D-4D9F-ABF9-D7D7AC5005DF}"
EndProject
Global
	GlobalSection(SolutionConfigurationPlatforms) = preSolution
		Debug|Any CPU = Debug|Any CPU
		Release|Any CPU = Release|Any CPU
	EndGlobalSection
	GlobalSection(ProjectConfigurationPlatforms) = postSolution
		{A76F37B7-B91D-4D9F-ABF9-D7D7AC5005DF}.Debug|Any CPU.ActiveCfg = Debug|Any CPU
		{A76F37B7-B91D-4D9F-ABF9-D7D7AC5005DF}.Debug|Any CPU.Build.0 = Debug|Any CPU
		{A76F37B7-B91D-4D9F-ABF9-D7D7AC5005DF}.Release|Any CPU.ActiveCfg = Release|Any CPU
		{A76F37B7-B91D-4D9F-ABF9-D7D7AC5005DF}.Release|Any CPU.Build.0 = Release|Any CPU
	EndGlobalSection
	GlobalSection(SolutionProperties) = preSolution
		HideSolutionNode = FALSE
	EndGlobalSection
	GlobalSection(ExtensibilityGlobals) = postSolution
		SolutionGuid = {84F58E5E-A3DD-4876-ADE7-38676E1A0599}
	EndGlobalSection
EndGlobal
