
Microsoft Visual Studio Solution File, Format Version 12.00
# Visual Studio Version 16
VisualStudioVersion = 16.0.31624.102
MinimumVisualStudioVersion = 10.0.40219.1
Project("{FAE04EC0-301F-11D3-BF4B-00C04F79EFBC}") = "lab2", "lab2\lab2.csproj", "{07DD80FA-A689-43D7-9327-01A9DF49504C}"
EndProject
Global
	GlobalSection(SolutionConfigurationPlatforms) = preSolution
		Debug|Any CPU = Debug|Any CPU
		Release|Any CPU = Release|Any CPU
	EndGlobalSection
	GlobalSection(ProjectConfigurationPlatforms) = postSolution
		{07DD80FA-A689-43D7-9327-01A9DF49504C}.Debug|Any CPU.ActiveCfg = Debug|Any CPU
		{07DD80FA-A689-43D7-9327-01A9DF49504C}.Debug|Any CPU.Build.0 = Debug|Any CPU
		{07DD80FA-A689-43D7-9327-01A9DF49504C}.Release|Any CPU.ActiveCfg = Release|Any CPU
		{07DD80FA-A689-43D7-9327-01A9DF49504C}.Release|Any CPU.Build.0 = Release|Any CPU
	EndGlobalSection
	GlobalSection(SolutionProperties) = preSolution
		HideSolutionNode = FALSE
	EndGlobalSection
	GlobalSection(ExtensibilityGlobals) = postSolution
		SolutionGuid = {AE539B92-2EA7-4B7B-BA86-644D55EA842B}
	EndGlobalSection
EndGlobal
