
Microsoft Visual Studio Solution File, Format Version 12.00
# Visual Studio Version 16
VisualStudioVersion = 25.0.1706.1
MinimumVisualStudioVersion = 10.0.40219.1
Project("{FAE04EC0-301F-11D3-BF4B-00C04F79EFBC}") = "project02.03", "project02.03\project02.03.csproj", "{5147DE82-2F68-4DB6-8589-B074B7BEC7CD}"
EndProject
Global
	GlobalSection(SolutionConfigurationPlatforms) = preSolution
		Debug|Any CPU = Debug|Any CPU
		Release|Any CPU = Release|Any CPU
	EndGlobalSection
	GlobalSection(ProjectConfigurationPlatforms) = postSolution
		{5147DE82-2F68-4DB6-8589-B074B7BEC7CD}.Debug|Any CPU.ActiveCfg = Debug|Any CPU
		{5147DE82-2F68-4DB6-8589-B074B7BEC7CD}.Debug|Any CPU.Build.0 = Debug|Any CPU
		{5147DE82-2F68-4DB6-8589-B074B7BEC7CD}.Release|Any CPU.ActiveCfg = Release|Any CPU
		{5147DE82-2F68-4DB6-8589-B074B7BEC7CD}.Release|Any CPU.Build.0 = Release|Any CPU
	EndGlobalSection
	GlobalSection(SolutionProperties) = preSolution
		HideSolutionNode = FALSE
	EndGlobalSection
	GlobalSection(ExtensibilityGlobals) = postSolution
		SolutionGuid = {A0B5646D-6B0B-4D5F-A1E6-7C953C113D52}
	EndGlobalSection
EndGlobal
