
Microsoft Visual Studio Solution File, Format Version 12.00
# Visual Studio Version 16
VisualStudioVersion = 25.0.1706.1
MinimumVisualStudioVersion = 10.0.40219.1
Project("{FAE04EC0-301F-11D3-BF4B-00C04F79EFBC}") = "project02.07", "project02.07\project02.07.csproj", "{A250CEEC-CA53-4C94-B8A6-881B43F5C4D6}"
EndProject
Global
	GlobalSection(SolutionConfigurationPlatforms) = preSolution
		Debug|Any CPU = Debug|Any CPU
		Release|Any CPU = Release|Any CPU
	EndGlobalSection
	GlobalSection(ProjectConfigurationPlatforms) = postSolution
		{A250CEEC-CA53-4C94-B8A6-881B43F5C4D6}.Debug|Any CPU.ActiveCfg = Debug|Any CPU
		{A250CEEC-CA53-4C94-B8A6-881B43F5C4D6}.Debug|Any CPU.Build.0 = Debug|Any CPU
		{A250CEEC-CA53-4C94-B8A6-881B43F5C4D6}.Release|Any CPU.ActiveCfg = Release|Any CPU
		{A250CEEC-CA53-4C94-B8A6-881B43F5C4D6}.Release|Any CPU.Build.0 = Release|Any CPU
	EndGlobalSection
	GlobalSection(SolutionProperties) = preSolution
		HideSolutionNode = FALSE
	EndGlobalSection
	GlobalSection(ExtensibilityGlobals) = postSolution
		SolutionGuid = {3159E1A7-5C89-4448-B582-CB5DA572B5E1}
	EndGlobalSection
EndGlobal
